// !$*UTF8*$!
{
	archiveVersion = 1;
	classes = {
	};
	objectVersion = 46;
	objects = {

/* Begin PBXBuildFile section */
		00726D01152ABF08DEEDDC15 /* Pods_GitHubJobsTests.framework in Frameworks */ = {isa = PBXBuildFile; fileRef = 656AF8B53A4606A262721163 /* Pods_GitHubJobsTests.framework */; };
		8F44BC49F74BB681FED8465D /* Pods_GitHubJobs.framework in Frameworks */ = {isa = PBXBuildFile; fileRef = 8F2CEFD8672C0D6F9AF035A7 /* Pods_GitHubJobs.framework */; };
		942021621F70B62B00FDFB42 /* JobsData.swift in Sources */ = {isa = PBXBuildFile; fileRef = 942021611F70B62B00FDFB42 /* JobsData.swift */; };
		942021661F71FDDE00FDFB42 /* JobsViewController.swift in Sources */ = {isa = PBXBuildFile; fileRef = 942021641F71FDDE00FDFB42 /* JobsViewController.swift */; };
		942021671F71FDDE00FDFB42 /* JobsViewController.xib in Resources */ = {isa = PBXBuildFile; fileRef = 942021651F71FDDE00FDFB42 /* JobsViewController.xib */; };
		942A89781F73350E0095C997 /* Location.swift in Sources */ = {isa = PBXBuildFile; fileRef = 942A89771F73350E0095C997 /* Location.swift */; };
		942CAA7D1F6A0F9400C3EA74 /* AppDelegate.swift in Sources */ = {isa = PBXBuildFile; fileRef = 942CAA7C1F6A0F9400C3EA74 /* AppDelegate.swift */; };
		942CAA841F6A0F9400C3EA74 /* Assets.xcassets in Resources */ = {isa = PBXBuildFile; fileRef = 942CAA831F6A0F9400C3EA74 /* Assets.xcassets */; };
		942CAA871F6A0F9400C3EA74 /* LaunchScreen.storyboard in Resources */ = {isa = PBXBuildFile; fileRef = 942CAA851F6A0F9400C3EA74 /* LaunchScreen.storyboard */; };
		942CAA921F6A0F9400C3EA74 /* GitHubJobsTests.swift in Sources */ = {isa = PBXBuildFile; fileRef = 942CAA911F6A0F9400C3EA74 /* GitHubJobsTests.swift */; };
		942CAA9D1F6A0F9400C3EA74 /* GitHubJobsUITests.swift in Sources */ = {isa = PBXBuildFile; fileRef = 942CAA9C1F6A0F9400C3EA74 /* GitHubJobsUITests.swift */; };
		94A6563E1F74B697008899B4 /* JobSearch.swift in Sources */ = {isa = PBXBuildFile; fileRef = 94A6563D1F74B697008899B4 /* JobSearch.swift */; };
		94EE7F421F6E2C0200972967 /* SearchViewController.swift in Sources */ = {isa = PBXBuildFile; fileRef = 94EE7F401F6E2C0200972967 /* SearchViewController.swift */; };
		94EE7F431F6E2C0200972967 /* SearchViewController.xib in Resources */ = {isa = PBXBuildFile; fileRef = 94EE7F411F6E2C0200972967 /* SearchViewController.xib */; };
		94EE7F481F6E3D6C00972967 /* Navigation.swift in Sources */ = {isa = PBXBuildFile; fileRef = 94EE7F471F6E3D6C00972967 /* Navigation.swift */; };
		94EE7F4C1F6ECB5E00972967 /* Job.swift in Sources */ = {isa = PBXBuildFile; fileRef = 94EE7F4B1F6ECB5E00972967 /* Job.swift */; };
		94EE7F521F6ED36600972967 /* Api.swift in Sources */ = {isa = PBXBuildFile; fileRef = 94EE7F511F6ED36600972967 /* Api.swift */; };
		94EE7F551F6EDD0800972967 /* UIViewExtensions.swift in Sources */ = {isa = PBXBuildFile; fileRef = 94EE7F541F6EDD0800972967 /* UIViewExtensions.swift */; };
		94EE7F581F6F158900972967 /* UIColorExtensions.swift in Sources */ = {isa = PBXBuildFile; fileRef = 94EE7F571F6F158900972967 /* UIColorExtensions.swift */; };
		94EE7F5B1F6F1DAE00972967 /* Color.swift in Sources */ = {isa = PBXBuildFile; fileRef = 94EE7F5A1F6F1DAE00972967 /* Color.swift */; };
		EF3A83885B9CCD3AA3ED07A1 /* Pods_GitHubJobsUITests.framework in Frameworks */ = {isa = PBXBuildFile; fileRef = EA96BCF8703C817CAA27BC90 /* Pods_GitHubJobsUITests.framework */; };
/* End PBXBuildFile section */

/* Begin PBXContainerItemProxy section */
		942CAA8E1F6A0F9400C3EA74 /* PBXContainerItemProxy */ = {
			isa = PBXContainerItemProxy;
			containerPortal = 942CAA711F6A0F9400C3EA74 /* Project object */;
			proxyType = 1;
			remoteGlobalIDString = 942CAA781F6A0F9400C3EA74;
			remoteInfo = GitHubJobs;
		};
		942CAA991F6A0F9400C3EA74 /* PBXContainerItemProxy */ = {
			isa = PBXContainerItemProxy;
			containerPortal = 942CAA711F6A0F9400C3EA74 /* Project object */;
			proxyType = 1;
			remoteGlobalIDString = 942CAA781F6A0F9400C3EA74;
			remoteInfo = GitHubJobs;
		};
/* End PBXContainerItemProxy section */

/* Begin PBXFileReference section */
		1B701C011C01B68302C1163C /* Pods-GitHubJobsTests.release.xcconfig */ = {isa = PBXFileReference; includeInIndex = 1; lastKnownFileType = text.xcconfig; name = "Pods-GitHubJobsTests.release.xcconfig"; path = "Pods/Target Support Files/Pods-GitHubJobsTests/Pods-GitHubJobsTests.release.xcconfig"; sourceTree = "<group>"; };
		656AF8B53A4606A262721163 /* Pods_GitHubJobsTests.framework */ = {isa = PBXFileReference; explicitFileType = wrapper.framework; includeInIndex = 0; path = Pods_GitHubJobsTests.framework; sourceTree = BUILT_PRODUCTS_DIR; };
		6D2A6A290E305CADD2C1A8F9 /* Pods-GitHubJobs.debug.xcconfig */ = {isa = PBXFileReference; includeInIndex = 1; lastKnownFileType = text.xcconfig; name = "Pods-GitHubJobs.debug.xcconfig"; path = "Pods/Target Support Files/Pods-GitHubJobs/Pods-GitHubJobs.debug.xcconfig"; sourceTree = "<group>"; };
		784C8D2132B3E365BC5D06EE /* Pods-GitHubJobsUITests.debug.xcconfig */ = {isa = PBXFileReference; includeInIndex = 1; lastKnownFileType = text.xcconfig; name = "Pods-GitHubJobsUITests.debug.xcconfig"; path = "Pods/Target Support Files/Pods-GitHubJobsUITests/Pods-GitHubJobsUITests.debug.xcconfig"; sourceTree = "<group>"; };
		8826D531FF40CAD1F1CF8276 /* Pods-GitHubJobs.release.xcconfig */ = {isa = PBXFileReference; includeInIndex = 1; lastKnownFileType = text.xcconfig; name = "Pods-GitHubJobs.release.xcconfig"; path = "Pods/Target Support Files/Pods-GitHubJobs/Pods-GitHubJobs.release.xcconfig"; sourceTree = "<group>"; };
		8F2CEFD8672C0D6F9AF035A7 /* Pods_GitHubJobs.framework */ = {isa = PBXFileReference; explicitFileType = wrapper.framework; includeInIndex = 0; path = Pods_GitHubJobs.framework; sourceTree = BUILT_PRODUCTS_DIR; };
		942021611F70B62B00FDFB42 /* JobsData.swift */ = {isa = PBXFileReference; fileEncoding = 4; lastKnownFileType = sourcecode.swift; path = JobsData.swift; sourceTree = "<group>"; };
		942021641F71FDDE00FDFB42 /* JobsViewController.swift */ = {isa = PBXFileReference; fileEncoding = 4; lastKnownFileType = sourcecode.swift; path = JobsViewController.swift; sourceTree = "<group>"; };
		942021651F71FDDE00FDFB42 /* JobsViewController.xib */ = {isa = PBXFileReference; fileEncoding = 4; lastKnownFileType = file.xib; path = JobsViewController.xib; sourceTree = "<group>"; };
		942A89771F73350E0095C997 /* Location.swift */ = {isa = PBXFileReference; lastKnownFileType = sourcecode.swift; path = Location.swift; sourceTree = "<group>"; };
		942CAA791F6A0F9400C3EA74 /* GitHubJobs.app */ = {isa = PBXFileReference; explicitFileType = wrapper.application; includeInIndex = 0; path = GitHubJobs.app; sourceTree = BUILT_PRODUCTS_DIR; };
		942CAA7C1F6A0F9400C3EA74 /* AppDelegate.swift */ = {isa = PBXFileReference; lastKnownFileType = sourcecode.swift; path = AppDelegate.swift; sourceTree = "<group>"; };
		942CAA831F6A0F9400C3EA74 /* Assets.xcassets */ = {isa = PBXFileReference; lastKnownFileType = folder.assetcatalog; path = Assets.xcassets; sourceTree = "<group>"; };
		942CAA861F6A0F9400C3EA74 /* Base */ = {isa = PBXFileReference; lastKnownFileType = file.storyboard; name = Base; path = Base.lproj/LaunchScreen.storyboard; sourceTree = "<group>"; };
		942CAA881F6A0F9400C3EA74 /* Info.plist */ = {isa = PBXFileReference; lastKnownFileType = text.plist.xml; path = Info.plist; sourceTree = "<group>"; };
		942CAA8D1F6A0F9400C3EA74 /* GitHubJobsTests.xctest */ = {isa = PBXFileReference; explicitFileType = wrapper.cfbundle; includeInIndex = 0; path = GitHubJobsTests.xctest; sourceTree = BUILT_PRODUCTS_DIR; };
		942CAA911F6A0F9400C3EA74 /* GitHubJobsTests.swift */ = {isa = PBXFileReference; lastKnownFileType = sourcecode.swift; path = GitHubJobsTests.swift; sourceTree = "<group>"; };
		942CAA931F6A0F9400C3EA74 /* Info.plist */ = {isa = PBXFileReference; lastKnownFileType = text.plist.xml; path = Info.plist; sourceTree = "<group>"; };
		942CAA981F6A0F9400C3EA74 /* GitHubJobsUITests.xctest */ = {isa = PBXFileReference; explicitFileType = wrapper.cfbundle; includeInIndex = 0; path = GitHubJobsUITests.xctest; sourceTree = BUILT_PRODUCTS_DIR; };
		942CAA9C1F6A0F9400C3EA74 /* GitHubJobsUITests.swift */ = {isa = PBXFileReference; lastKnownFileType = sourcecode.swift; path = GitHubJobsUITests.swift; sourceTree = "<group>"; };
		942CAA9E1F6A0F9400C3EA74 /* Info.plist */ = {isa = PBXFileReference; lastKnownFileType = text.plist.xml; path = Info.plist; sourceTree = "<group>"; };
		94A6563D1F74B697008899B4 /* JobSearch.swift */ = {isa = PBXFileReference; lastKnownFileType = sourcecode.swift; path = JobSearch.swift; sourceTree = "<group>"; };
		94EE7F401F6E2C0200972967 /* SearchViewController.swift */ = {isa = PBXFileReference; fileEncoding = 4; lastKnownFileType = sourcecode.swift; path = SearchViewController.swift; sourceTree = "<group>"; };
		94EE7F411F6E2C0200972967 /* SearchViewController.xib */ = {isa = PBXFileReference; fileEncoding = 4; lastKnownFileType = file.xib; path = SearchViewController.xib; sourceTree = "<group>"; };
		94EE7F471F6E3D6C00972967 /* Navigation.swift */ = {isa = PBXFileReference; fileEncoding = 4; lastKnownFileType = sourcecode.swift; path = Navigation.swift; sourceTree = "<group>"; };
		94EE7F4B1F6ECB5E00972967 /* Job.swift */ = {isa = PBXFileReference; fileEncoding = 4; lastKnownFileType = sourcecode.swift; path = Job.swift; sourceTree = "<group>"; };
		94EE7F511F6ED36600972967 /* Api.swift */ = {isa = PBXFileReference; fileEncoding = 4; lastKnownFileType = sourcecode.swift; name = Api.swift; path = GitHubJobs/Api.swift; sourceTree = "<group>"; };
		94EE7F541F6EDD0800972967 /* UIViewExtensions.swift */ = {isa = PBXFileReference; fileEncoding = 4; lastKnownFileType = sourcecode.swift; path = UIViewExtensions.swift; sourceTree = "<group>"; };
		94EE7F571F6F158900972967 /* UIColorExtensions.swift */ = {isa = PBXFileReference; fileEncoding = 4; lastKnownFileType = sourcecode.swift; path = UIColorExtensions.swift; sourceTree = "<group>"; };
		94EE7F5A1F6F1DAE00972967 /* Color.swift */ = {isa = PBXFileReference; fileEncoding = 4; lastKnownFileType = sourcecode.swift; path = Color.swift; sourceTree = "<group>"; };
		B73D8667D885AC20E98FE9E4 /* Pods-GitHubJobsTests.debug.xcconfig */ = {isa = PBXFileReference; includeInIndex = 1; lastKnownFileType = text.xcconfig; name = "Pods-GitHubJobsTests.debug.xcconfig"; path = "Pods/Target Support Files/Pods-GitHubJobsTests/Pods-GitHubJobsTests.debug.xcconfig"; sourceTree = "<group>"; };
		BA8C0AC9F33F96F88F294553 /* Pods-GitHubJobsUITests.release.xcconfig */ = {isa = PBXFileReference; includeInIndex = 1; lastKnownFileType = text.xcconfig; name = "Pods-GitHubJobsUITests.release.xcconfig"; path = "Pods/Target Support Files/Pods-GitHubJobsUITests/Pods-GitHubJobsUITests.release.xcconfig"; sourceTree = "<group>"; };
		EA96BCF8703C817CAA27BC90 /* Pods_GitHubJobsUITests.framework */ = {isa = PBXFileReference; explicitFileType = wrapper.framework; includeInIndex = 0; path = Pods_GitHubJobsUITests.framework; sourceTree = BUILT_PRODUCTS_DIR; };
/* End PBXFileReference section */

/* Begin PBXFrameworksBuildPhase section */
		942CAA761F6A0F9400C3EA74 /* Frameworks */ = {
			isa = PBXFrameworksBuildPhase;
			buildActionMask = 2147483647;
			files = (
				8F44BC49F74BB681FED8465D /* Pods_GitHubJobs.framework in Frameworks */,
			);
			runOnlyForDeploymentPostprocessing = 0;
		};
		942CAA8A1F6A0F9400C3EA74 /* Frameworks */ = {
			isa = PBXFrameworksBuildPhase;
			buildActionMask = 2147483647;
			files = (
				00726D01152ABF08DEEDDC15 /* Pods_GitHubJobsTests.framework in Frameworks */,
			);
			runOnlyForDeploymentPostprocessing = 0;
		};
		942CAA951F6A0F9400C3EA74 /* Frameworks */ = {
			isa = PBXFrameworksBuildPhase;
			buildActionMask = 2147483647;
			files = (
				EF3A83885B9CCD3AA3ED07A1 /* Pods_GitHubJobsUITests.framework in Frameworks */,
			);
			runOnlyForDeploymentPostprocessing = 0;
		};
/* End PBXFrameworksBuildPhase section */

/* Begin PBXGroup section */
		1CE1AB9E635D21BCDA17BD7D /* Frameworks */ = {
			isa = PBXGroup;
			children = (
				8F2CEFD8672C0D6F9AF035A7 /* Pods_GitHubJobs.framework */,
				656AF8B53A4606A262721163 /* Pods_GitHubJobsTests.framework */,
				EA96BCF8703C817CAA27BC90 /* Pods_GitHubJobsUITests.framework */,
			);
			name = Frameworks;
			sourceTree = "<group>";
		};
		524836FFE24FF43BB2C61283 /* Pods */ = {
			isa = PBXGroup;
			children = (
				6D2A6A290E305CADD2C1A8F9 /* Pods-GitHubJobs.debug.xcconfig */,
				8826D531FF40CAD1F1CF8276 /* Pods-GitHubJobs.release.xcconfig */,
				B73D8667D885AC20E98FE9E4 /* Pods-GitHubJobsTests.debug.xcconfig */,
				1B701C011C01B68302C1163C /* Pods-GitHubJobsTests.release.xcconfig */,
				784C8D2132B3E365BC5D06EE /* Pods-GitHubJobsUITests.debug.xcconfig */,
				BA8C0AC9F33F96F88F294553 /* Pods-GitHubJobsUITests.release.xcconfig */,
			);
			name = Pods;
			sourceTree = "<group>";
		};
		942021601F70B60200FDFB42 /* Data */ = {
			isa = PBXGroup;
			children = (
				942021611F70B62B00FDFB42 /* JobsData.swift */,
			);
			name = Data;
			sourceTree = "<group>";
		};
		942021631F71FDB200FDFB42 /* JobsViewController */ = {
			isa = PBXGroup;
			children = (
				942021641F71FDDE00FDFB42 /* JobsViewController.swift */,
				942021651F71FDDE00FDFB42 /* JobsViewController.xib */,
			);
			name = JobsViewController;
			sourceTree = "<group>";
		};
		942CAA701F6A0F9400C3EA74 = {
			isa = PBXGroup;
			children = (
				942CAA7B1F6A0F9400C3EA74 /* GitHubJobs */,
				942CAA901F6A0F9400C3EA74 /* GitHubJobsTests */,
				942CAA9B1F6A0F9400C3EA74 /* GitHubJobsUITests */,
				942CAA7A1F6A0F9400C3EA74 /* Products */,
				524836FFE24FF43BB2C61283 /* Pods */,
				1CE1AB9E635D21BCDA17BD7D /* Frameworks */,
			);
			sourceTree = "<group>";
		};
		942CAA7A1F6A0F9400C3EA74 /* Products */ = {
			isa = PBXGroup;
			children = (
				942CAA791F6A0F9400C3EA74 /* GitHubJobs.app */,
				942CAA8D1F6A0F9400C3EA74 /* GitHubJobsTests.xctest */,
				942CAA981F6A0F9400C3EA74 /* GitHubJobsUITests.xctest */,
			);
			name = Products;
			sourceTree = "<group>";
		};
		942CAA7B1F6A0F9400C3EA74 /* GitHubJobs */ = {
			isa = PBXGroup;
			children = (
				942CAA7C1F6A0F9400C3EA74 /* AppDelegate.swift */,
				942A89771F73350E0095C997 /* Location.swift */,
				94EE7F591F6F15B400972967 /* Utility */,
				94EE7F531F6EDCF500972967 /* Extensions */,
				942021601F70B60200FDFB42 /* Data */,
				94EE7F4A1F6ECA5D00972967 /* Models */,
				94EE7F491F6ECA4800972967 /* Webservice */,
				94EE7F461F6E3D4B00972967 /* Navigation */,
				942021631F71FDB200FDFB42 /* JobsViewController */,
				94EE7F441F6E2C0900972967 /* SearchViewController */,
				94EE7F451F6E3D3700972967 /* Support Files */,
			);
			path = GitHubJobs;
			sourceTree = "<group>";
		};
		942CAA901F6A0F9400C3EA74 /* GitHubJobsTests */ = {
			isa = PBXGroup;
			children = (
				942CAA911F6A0F9400C3EA74 /* GitHubJobsTests.swift */,
				942CAA931F6A0F9400C3EA74 /* Info.plist */,
			);
			path = GitHubJobsTests;
			sourceTree = "<group>";
		};
		942CAA9B1F6A0F9400C3EA74 /* GitHubJobsUITests */ = {
			isa = PBXGroup;
			children = (
				942CAA9C1F6A0F9400C3EA74 /* GitHubJobsUITests.swift */,
				942CAA9E1F6A0F9400C3EA74 /* Info.plist */,
			);
			path = GitHubJobsUITests;
			sourceTree = "<group>";
		};
		94EE7F441F6E2C0900972967 /* SearchViewController */ = {
			isa = PBXGroup;
			children = (
				94EE7F401F6E2C0200972967 /* SearchViewController.swift */,
				94EE7F411F6E2C0200972967 /* SearchViewController.xib */,
			);
			name = SearchViewController;
			sourceTree = "<group>";
		};
		94EE7F451F6E3D3700972967 /* Support Files */ = {
			isa = PBXGroup;
			children = (
				942CAA831F6A0F9400C3EA74 /* Assets.xcassets */,
				942CAA851F6A0F9400C3EA74 /* LaunchScreen.storyboard */,
				942CAA881F6A0F9400C3EA74 /* Info.plist */,
			);
			name = "Support Files";
			sourceTree = "<group>";
		};
		94EE7F461F6E3D4B00972967 /* Navigation */ = {
			isa = PBXGroup;
			children = (
				94EE7F471F6E3D6C00972967 /* Navigation.swift */,
			);
			name = Navigation;
			sourceTree = "<group>";
		};
		94EE7F491F6ECA4800972967 /* Webservice */ = {
			isa = PBXGroup;
			children = (
				94EE7F511F6ED36600972967 /* Api.swift */,
			);
			name = Webservice;
			path = ..;
			sourceTree = "<group>";
		};
		94EE7F4A1F6ECA5D00972967 /* Models */ = {
			isa = PBXGroup;
			children = (
				94EE7F4B1F6ECB5E00972967 /* Job.swift */,
				94A6563D1F74B697008899B4 /* JobSearch.swift */,
			);
			name = Models;
			sourceTree = "<group>";
		};
		94EE7F531F6EDCF500972967 /* Extensions */ = {
			isa = PBXGroup;
			children = (
				94EE7F541F6EDD0800972967 /* UIViewExtensions.swift */,
				94EE7F571F6F158900972967 /* UIColorExtensions.swift */,
			);
			name = Extensions;
			sourceTree = "<group>";
		};
		94EE7F591F6F15B400972967 /* Utility */ = {
			isa = PBXGroup;
			children = (
				94EE7F5A1F6F1DAE00972967 /* Color.swift */,
			);
			name = Utility;
			sourceTree = "<group>";
		};
/* End PBXGroup section */

/* Begin PBXNativeTarget section */
		942CAA781F6A0F9400C3EA74 /* GitHubJobs */ = {
			isa = PBXNativeTarget;
			buildConfigurationList = 942CAAA11F6A0F9400C3EA74 /* Build configuration list for PBXNativeTarget "GitHubJobs" */;
			buildPhases = (
				9DD72A3DB7DE70642EA4406D /* [CP] Check Pods Manifest.lock */,
				942CAA751F6A0F9400C3EA74 /* Sources */,
				942CAA761F6A0F9400C3EA74 /* Frameworks */,
				942CAA771F6A0F9400C3EA74 /* Resources */,
				BAF01220A96B12EC9BF42C2C /* [CP] Embed Pods Frameworks */,
				334EE2131833E7D78F227246 /* [CP] Copy Pods Resources */,
			);
			buildRules = (
			);
			dependencies = (
			);
			name = GitHubJobs;
			productName = GitHubJobs;
			productReference = 942CAA791F6A0F9400C3EA74 /* GitHubJobs.app */;
			productType = "com.apple.product-type.application";
		};
		942CAA8C1F6A0F9400C3EA74 /* GitHubJobsTests */ = {
			isa = PBXNativeTarget;
			buildConfigurationList = 942CAAA41F6A0F9400C3EA74 /* Build configuration list for PBXNativeTarget "GitHubJobsTests" */;
			buildPhases = (
				98A77B15E33CB26E6E0F0FB6 /* [CP] Check Pods Manifest.lock */,
				942CAA891F6A0F9400C3EA74 /* Sources */,
				942CAA8A1F6A0F9400C3EA74 /* Frameworks */,
				942CAA8B1F6A0F9400C3EA74 /* Resources */,
				FCCF7DEDF52E5D9C86555BC3 /* [CP] Embed Pods Frameworks */,
				84218BAE166F3D50B84E1D2F /* [CP] Copy Pods Resources */,
			);
			buildRules = (
			);
			dependencies = (
				942CAA8F1F6A0F9400C3EA74 /* PBXTargetDependency */,
			);
			name = GitHubJobsTests;
			productName = GitHubJobsTests;
			productReference = 942CAA8D1F6A0F9400C3EA74 /* GitHubJobsTests.xctest */;
			productType = "com.apple.product-type.bundle.unit-test";
		};
		942CAA971F6A0F9400C3EA74 /* GitHubJobsUITests */ = {
			isa = PBXNativeTarget;
			buildConfigurationList = 942CAAA71F6A0F9400C3EA74 /* Build configuration list for PBXNativeTarget "GitHubJobsUITests" */;
			buildPhases = (
				2298DAC4C2BDB6839D885C51 /* [CP] Check Pods Manifest.lock */,
				942CAA941F6A0F9400C3EA74 /* Sources */,
				942CAA951F6A0F9400C3EA74 /* Frameworks */,
				942CAA961F6A0F9400C3EA74 /* Resources */,
				4B8F4B53A31A06DEB369E07D /* [CP] Embed Pods Frameworks */,
				9F627666CFF4E5B67EE03FB6 /* [CP] Copy Pods Resources */,
			);
			buildRules = (
			);
			dependencies = (
				942CAA9A1F6A0F9400C3EA74 /* PBXTargetDependency */,
			);
			name = GitHubJobsUITests;
			productName = GitHubJobsUITests;
			productReference = 942CAA981F6A0F9400C3EA74 /* GitHubJobsUITests.xctest */;
			productType = "com.apple.product-type.bundle.ui-testing";
		};
/* End PBXNativeTarget section */

/* Begin PBXProject section */
		942CAA711F6A0F9400C3EA74 /* Project object */ = {
			isa = PBXProject;
			attributes = {
				LastSwiftUpdateCheck = 0830;
				LastUpgradeCheck = 0900;
				ORGANIZATIONNAME = "Phil Cole";
				TargetAttributes = {
					942CAA781F6A0F9400C3EA74 = {
						CreatedOnToolsVersion = 8.3.3;
						DevelopmentTeam = LZX69D2T2M;
						LastSwiftMigration = 0900;
						ProvisioningStyle = Automatic;
					};
					942CAA8C1F6A0F9400C3EA74 = {
						CreatedOnToolsVersion = 8.3.3;
						DevelopmentTeam = LZX69D2T2M;
						LastSwiftMigration = 0900;
						ProvisioningStyle = Automatic;
						TestTargetID = 942CAA781F6A0F9400C3EA74;
					};
					942CAA971F6A0F9400C3EA74 = {
						CreatedOnToolsVersion = 8.3.3;
						DevelopmentTeam = LZX69D2T2M;
						LastSwiftMigration = 0900;
						ProvisioningStyle = Automatic;
						TestTargetID = 942CAA781F6A0F9400C3EA74;
					};
				};
			};
			buildConfigurationList = 942CAA741F6A0F9400C3EA74 /* Build configuration list for PBXProject "GitHubJobs" */;
			compatibilityVersion = "Xcode 3.2";
			developmentRegion = English;
			hasScannedForEncodings = 0;
			knownRegions = (
				en,
				Base,
			);
			mainGroup = 942CAA701F6A0F9400C3EA74;
			productRefGroup = 942CAA7A1F6A0F9400C3EA74 /* Products */;
			projectDirPath = "";
			projectRoot = "";
			targets = (
				942CAA781F6A0F9400C3EA74 /* GitHubJobs */,
				942CAA8C1F6A0F9400C3EA74 /* GitHubJobsTests */,
				942CAA971F6A0F9400C3EA74 /* GitHubJobsUITests */,
			);
		};
/* End PBXProject section */

/* Begin PBXResourcesBuildPhase section */
		942CAA771F6A0F9400C3EA74 /* Resources */ = {
			isa = PBXResourcesBuildPhase;
			buildActionMask = 2147483647;
			files = (
				942021671F71FDDE00FDFB42 /* JobsViewController.xib in Resources */,
				942CAA871F6A0F9400C3EA74 /* LaunchScreen.storyboard in Resources */,
				942CAA841F6A0F9400C3EA74 /* Assets.xcassets in Resources */,
				94EE7F431F6E2C0200972967 /* SearchViewController.xib in Resources */,
			);
			runOnlyForDeploymentPostprocessing = 0;
		};
		942CAA8B1F6A0F9400C3EA74 /* Resources */ = {
			isa = PBXResourcesBuildPhase;
			buildActionMask = 2147483647;
			files = (
			);
			runOnlyForDeploymentPostprocessing = 0;
		};
		942CAA961F6A0F9400C3EA74 /* Resources */ = {
			isa = PBXResourcesBuildPhase;
			buildActionMask = 2147483647;
			files = (
			);
			runOnlyForDeploymentPostprocessing = 0;
		};
/* End PBXResourcesBuildPhase section */

/* Begin PBXShellScriptBuildPhase section */
		2298DAC4C2BDB6839D885C51 /* [CP] Check Pods Manifest.lock */ = {
			isa = PBXShellScriptBuildPhase;
			buildActionMask = 2147483647;
			files = (
			);
			inputPaths = (
				"${PODS_PODFILE_DIR_PATH}/Podfile.lock",
				"${PODS_ROOT}/Manifest.lock",
			);
			name = "[CP] Check Pods Manifest.lock";
			outputPaths = (
				"$(DERIVED_FILE_DIR)/Pods-GitHubJobsUITests-checkManifestLockResult.txt",
			);
			runOnlyForDeploymentPostprocessing = 0;
			shellPath = /bin/sh;
			shellScript = "diff \"${PODS_PODFILE_DIR_PATH}/Podfile.lock\" \"${PODS_ROOT}/Manifest.lock\" > /dev/null\nif [ $? != 0 ] ; then\n    # print error to STDERR\n    echo \"error: The sandbox is not in sync with the Podfile.lock. Run 'pod install' or update your CocoaPods installation.\" >&2\n    exit 1\nfi\n# This output is used by Xcode 'outputs' to avoid re-running this script phase.\necho \"SUCCESS\" > \"${SCRIPT_OUTPUT_FILE_0}\"\n";
			showEnvVarsInLog = 0;
		};
		334EE2131833E7D78F227246 /* [CP] Copy Pods Resources */ = {
			isa = PBXShellScriptBuildPhase;
			buildActionMask = 2147483647;
			files = (
			);
			inputPaths = (
			);
			name = "[CP] Copy Pods Resources";
			outputPaths = (
			);
			runOnlyForDeploymentPostprocessing = 0;
			shellPath = /bin/sh;
			shellScript = "\"${SRCROOT}/Pods/Target Support Files/Pods-GitHubJobs/Pods-GitHubJobs-resources.sh\"\n";
			showEnvVarsInLog = 0;
		};
		4B8F4B53A31A06DEB369E07D /* [CP] Embed Pods Frameworks */ = {
			isa = PBXShellScriptBuildPhase;
			buildActionMask = 2147483647;
			files = (
			);
			inputPaths = (
			);
			name = "[CP] Embed Pods Frameworks";
			outputPaths = (
			);
			runOnlyForDeploymentPostprocessing = 0;
			shellPath = /bin/sh;
			shellScript = "\"${SRCROOT}/Pods/Target Support Files/Pods-GitHubJobsUITests/Pods-GitHubJobsUITests-frameworks.sh\"\n";
			showEnvVarsInLog = 0;
		};
		84218BAE166F3D50B84E1D2F /* [CP] Copy Pods Resources */ = {
			isa = PBXShellScriptBuildPhase;
			buildActionMask = 2147483647;
			files = (
			);
			inputPaths = (
			);
			name = "[CP] Copy Pods Resources";
			outputPaths = (
			);
			runOnlyForDeploymentPostprocessing = 0;
			shellPath = /bin/sh;
			shellScript = "\"${SRCROOT}/Pods/Target Support Files/Pods-GitHubJobsTests/Pods-GitHubJobsTests-resources.sh\"\n";
			showEnvVarsInLog = 0;
		};
		98A77B15E33CB26E6E0F0FB6 /* [CP] Check Pods Manifest.lock */ = {
			isa = PBXShellScriptBuildPhase;
			buildActionMask = 2147483647;
			files = (
			);
			inputPaths = (
				"${PODS_PODFILE_DIR_PATH}/Podfile.lock",
				"${PODS_ROOT}/Manifest.lock",
			);
			name = "[CP] Check Pods Manifest.lock";
			outputPaths = (
				"$(DERIVED_FILE_DIR)/Pods-GitHubJobsTests-checkManifestLockResult.txt",
			);
			runOnlyForDeploymentPostprocessing = 0;
			shellPath = /bin/sh;
			shellScript = "diff \"${PODS_PODFILE_DIR_PATH}/Podfile.lock\" \"${PODS_ROOT}/Manifest.lock\" > /dev/null\nif [ $? != 0 ] ; then\n    # print error to STDERR\n    echo \"error: The sandbox is not in sync with the Podfile.lock. Run 'pod install' or update your CocoaPods installation.\" >&2\n    exit 1\nfi\n# This output is used by Xcode 'outputs' to avoid re-running this script phase.\necho \"SUCCESS\" > \"${SCRIPT_OUTPUT_FILE_0}\"\n";
			showEnvVarsInLog = 0;
		};
		9DD72A3DB7DE70642EA4406D /* [CP] Check Pods Manifest.lock */ = {
			isa = PBXShellScriptBuildPhase;
			buildActionMask = 2147483647;
			files = (
			);
			inputPaths = (
				"${PODS_PODFILE_DIR_PATH}/Podfile.lock",
				"${PODS_ROOT}/Manifest.lock",
			);
			name = "[CP] Check Pods Manifest.lock";
			outputPaths = (
				"$(DERIVED_FILE_DIR)/Pods-GitHubJobs-checkManifestLockResult.txt",
			);
			runOnlyForDeploymentPostprocessing = 0;
			shellPath = /bin/sh;
			shellScript = "diff \"${PODS_PODFILE_DIR_PATH}/Podfile.lock\" \"${PODS_ROOT}/Manifest.lock\" > /dev/null\nif [ $? != 0 ] ; then\n    # print error to STDERR\n    echo \"error: The sandbox is not in sync with the Podfile.lock. Run 'pod install' or update your CocoaPods installation.\" >&2\n    exit 1\nfi\n# This output is used by Xcode 'outputs' to avoid re-running this script phase.\necho \"SUCCESS\" > \"${SCRIPT_OUTPUT_FILE_0}\"\n";
			showEnvVarsInLog = 0;
		};
		9F627666CFF4E5B67EE03FB6 /* [CP] Copy Pods Resources */ = {
			isa = PBXShellScriptBuildPhase;
			buildActionMask = 2147483647;
			files = (
			);
			inputPaths = (
			);
			name = "[CP] Copy Pods Resources";
			outputPaths = (
			);
			runOnlyForDeploymentPostprocessing = 0;
			shellPath = /bin/sh;
			shellScript = "\"${SRCROOT}/Pods/Target Support Files/Pods-GitHubJobsUITests/Pods-GitHubJobsUITests-resources.sh\"\n";
			showEnvVarsInLog = 0;
		};
		BAF01220A96B12EC9BF42C2C /* [CP] Embed Pods Frameworks */ = {
			isa = PBXShellScriptBuildPhase;
			buildActionMask = 2147483647;
			files = (
			);
			inputPaths = (
				"${SRCROOT}/Pods/Target Support Files/Pods-GitHubJobs/Pods-GitHubJobs-frameworks.sh",
				"${BUILT_PRODUCTS_DIR}/Alamofire/Alamofire.framework",
			);
			name = "[CP] Embed Pods Frameworks";
			outputPaths = (
				"${TARGET_BUILD_DIR}/${FRAMEWORKS_FOLDER_PATH}/Alamofire.framework",
			);
			runOnlyForDeploymentPostprocessing = 0;
			shellPath = /bin/sh;
			shellScript = "\"${SRCROOT}/Pods/Target Support Files/Pods-GitHubJobs/Pods-GitHubJobs-frameworks.sh\"\n";
			showEnvVarsInLog = 0;
		};
		FCCF7DEDF52E5D9C86555BC3 /* [CP] Embed Pods Frameworks */ = {
			isa = PBXShellScriptBuildPhase;
			buildActionMask = 2147483647;
			files = (
			);
			inputPaths = (
			);
			name = "[CP] Embed Pods Frameworks";
			outputPaths = (
			);
			runOnlyForDeploymentPostprocessing = 0;
			shellPath = /bin/sh;
			shellScript = "\"${SRCROOT}/Pods/Target Support Files/Pods-GitHubJobsTests/Pods-GitHubJobsTests-frameworks.sh\"\n";
			showEnvVarsInLog = 0;
		};
/* End PBXShellScriptBuildPhase section */

/* Begin PBXSourcesBuildPhase section */
		942CAA751F6A0F9400C3EA74 /* Sources */ = {
			isa = PBXSourcesBuildPhase;
			buildActionMask = 2147483647;
			files = (
				94EE7F481F6E3D6C00972967 /* Navigation.swift in Sources */,
				942A89781F73350E0095C997 /* Location.swift in Sources */,
				94EE7F581F6F158900972967 /* UIColorExtensions.swift in Sources */,
				94EE7F421F6E2C0200972967 /* SearchViewController.swift in Sources */,
				942CAA7D1F6A0F9400C3EA74 /* AppDelegate.swift in Sources */,
				942021621F70B62B00FDFB42 /* JobsData.swift in Sources */,
				94EE7F521F6ED36600972967 /* Api.swift in Sources */,
				94EE7F5B1F6F1DAE00972967 /* Color.swift in Sources */,
				94EE7F551F6EDD0800972967 /* UIViewExtensions.swift in Sources */,
				94A6563E1F74B697008899B4 /* JobSearch.swift in Sources */,
				942021661F71FDDE00FDFB42 /* JobsViewController.swift in Sources */,
				94EE7F4C1F6ECB5E00972967 /* Job.swift in Sources */,
			);
			runOnlyForDeploymentPostprocessing = 0;
		};
		942CAA891F6A0F9400C3EA74 /* Sources */ = {
			isa = PBXSourcesBuildPhase;
			buildActionMask = 2147483647;
			files = (
				942CAA921F6A0F9400C3EA74 /* GitHubJobsTests.swift in Sources */,
			);
			runOnlyForDeploymentPostprocessing = 0;
		};
		942CAA941F6A0F9400C3EA74 /* Sources */ = {
			isa = PBXSourcesBuildPhase;
			buildActionMask = 2147483647;
			files = (
				942CAA9D1F6A0F9400C3EA74 /* GitHubJobsUITests.swift in Sources */,
			);
			runOnlyForDeploymentPostprocessing = 0;
		};
/* End PBXSourcesBuildPhase section */

/* Begin PBXTargetDependency section */
		942CAA8F1F6A0F9400C3EA74 /* PBXTargetDependency */ = {
			isa = PBXTargetDependency;
			target = 942CAA781F6A0F9400C3EA74 /* GitHubJobs */;
			targetProxy = 942CAA8E1F6A0F9400C3EA74 /* PBXContainerItemProxy */;
		};
		942CAA9A1F6A0F9400C3EA74 /* PBXTargetDependency */ = {
			isa = PBXTargetDependency;
			target = 942CAA781F6A0F9400C3EA74 /* GitHubJobs */;
			targetProxy = 942CAA991F6A0F9400C3EA74 /* PBXContainerItemProxy */;
		};
/* End PBXTargetDependency section */

/* Begin PBXVariantGroup section */
		942CAA851F6A0F9400C3EA74 /* LaunchScreen.storyboard */ = {
			isa = PBXVariantGroup;
			children = (
				942CAA861F6A0F9400C3EA74 /* Base */,
			);
			name = LaunchScreen.storyboard;
			sourceTree = "<group>";
		};
/* End PBXVariantGroup section */

/* Begin XCBuildConfiguration section */
		942CAA9F1F6A0F9400C3EA74 /* Debug */ = {
			isa = XCBuildConfiguration;
			buildSettings = {
				ALWAYS_SEARCH_USER_PATHS = NO;
				CLANG_ANALYZER_NONNULL = YES;
				CLANG_ANALYZER_NUMBER_OBJECT_CONVERSION = YES_AGGRESSIVE;
				CLANG_CXX_LANGUAGE_STANDARD = "gnu++0x";
				CLANG_CXX_LIBRARY = "libc++";
				CLANG_ENABLE_MODULES = YES;
				CLANG_ENABLE_OBJC_ARC = YES;
				CLANG_WARN_BLOCK_CAPTURE_AUTORELEASING = YES;
				CLANG_WARN_BOOL_CONVERSION = YES;
				CLANG_WARN_COMMA = YES;
				CLANG_WARN_CONSTANT_CONVERSION = YES;
				CLANG_WARN_DIRECT_OBJC_ISA_USAGE = YES_ERROR;
				CLANG_WARN_DOCUMENTATION_COMMENTS = YES;
				CLANG_WARN_EMPTY_BODY = YES;
				CLANG_WARN_ENUM_CONVERSION = YES;
				CLANG_WARN_INFINITE_RECURSION = YES;
				CLANG_WARN_INT_CONVERSION = YES;
				CLANG_WARN_NON_LITERAL_NULL_CONVERSION = YES;
				CLANG_WARN_OBJC_LITERAL_CONVERSION = YES;
				CLANG_WARN_OBJC_ROOT_CLASS = YES_ERROR;
				CLANG_WARN_RANGE_LOOP_ANALYSIS = YES;
				CLANG_WARN_STRICT_PROTOTYPES = YES;
				CLANG_WARN_SUSPICIOUS_MOVE = YES;
				CLANG_WARN_UNREACHABLE_CODE = YES;
				CLANG_WARN__DUPLICATE_METHOD_MATCH = YES;
				"CODE_SIGN_IDENTITY[sdk=iphoneos*]" = "iPhone Developer";
				COPY_PHASE_STRIP = NO;
				DEBUG_INFORMATION_FORMAT = dwarf;
				ENABLE_STRICT_OBJC_MSGSEND = YES;
				ENABLE_TESTABILITY = YES;
				GCC_C_LANGUAGE_STANDARD = gnu99;
				GCC_DYNAMIC_NO_PIC = NO;
				GCC_NO_COMMON_BLOCKS = YES;
				GCC_OPTIMIZATION_LEVEL = 0;
				GCC_PREPROCESSOR_DEFINITIONS = (
					"DEBUG=1",
					"$(inherited)",
				);
				GCC_WARN_64_TO_32_BIT_CONVERSION = YES;
				GCC_WARN_ABOUT_RETURN_TYPE = YES_ERROR;
				GCC_WARN_UNDECLARED_SELECTOR = YES;
				GCC_WARN_UNINITIALIZED_AUTOS = YES_AGGRESSIVE;
				GCC_WARN_UNUSED_FUNCTION = YES;
				GCC_WARN_UNUSED_VARIABLE = YES;
				IPHONEOS_DEPLOYMENT_TARGET = 10.3;
				MTL_ENABLE_DEBUG_INFO = YES;
				ONLY_ACTIVE_ARCH = YES;
				SDKROOT = iphoneos;
				SWIFT_ACTIVE_COMPILATION_CONDITIONS = DEBUG;
				SWIFT_OPTIMIZATION_LEVEL = "-Onone";
				SWIFT_SWIFT3_OBJC_INFERENCE = Off;
				TARGETED_DEVICE_FAMILY = "1,2";
			};
			name = Debug;
		};
		942CAAA01F6A0F9400C3EA74 /* Release */ = {
			isa = XCBuildConfiguration;
			buildSettings = {
				ALWAYS_SEARCH_USER_PATHS = NO;
				CLANG_ANALYZER_NONNULL = YES;
				CLANG_ANALYZER_NUMBER_OBJECT_CONVERSION = YES_AGGRESSIVE;
				CLANG_CXX_LANGUAGE_STANDARD = "gnu++0x";
				CLANG_CXX_LIBRARY = "libc++";
				CLANG_ENABLE_MODULES = YES;
				CLANG_ENABLE_OBJC_ARC = YES;
				CLANG_WARN_BLOCK_CAPTURE_AUTORELEASING = YES;
				CLANG_WARN_BOOL_CONVERSION = YES;
				CLANG_WARN_COMMA = YES;
				CLANG_WARN_CONSTANT_CONVERSION = YES;
				CLANG_WARN_DIRECT_OBJC_ISA_USAGE = YES_ERROR;
				CLANG_WARN_DOCUMENTATION_COMMENTS = YES;
				CLANG_WARN_EMPTY_BODY = YES;
				CLANG_WARN_ENUM_CONVERSION = YES;
				CLANG_WARN_INFINITE_RECURSION = YES;
				CLANG_WARN_INT_CONVERSION = YES;
				CLANG_WARN_NON_LITERAL_NULL_CONVERSION = YES;
				CLANG_WARN_OBJC_LITERAL_CONVERSION = YES;
				CLANG_WARN_OBJC_ROOT_CLASS = YES_ERROR;
				CLANG_WARN_RANGE_LOOP_ANALYSIS = YES;
				CLANG_WARN_STRICT_PROTOTYPES = YES;
				CLANG_WARN_SUSPICIOUS_MOVE = YES;
				CLANG_WARN_UNREACHABLE_CODE = YES;
				CLANG_WARN__DUPLICATE_METHOD_MATCH = YES;
				"CODE_SIGN_IDENTITY[sdk=iphoneos*]" = "iPhone Developer";
				COPY_PHASE_STRIP = NO;
				DEBUG_INFORMATION_FORMAT = "dwarf-with-dsym";
				ENABLE_NS_ASSERTIONS = NO;
				ENABLE_STRICT_OBJC_MSGSEND = YES;
				GCC_C_LANGUAGE_STANDARD = gnu99;
				GCC_NO_COMMON_BLOCKS = YES;
				GCC_WARN_64_TO_32_BIT_CONVERSION = YES;
				GCC_WARN_ABOUT_RETURN_TYPE = YES_ERROR;
				GCC_WARN_UNDECLARED_SELECTOR = YES;
				GCC_WARN_UNINITIALIZED_AUTOS = YES_AGGRESSIVE;
				GCC_WARN_UNUSED_FUNCTION = YES;
				GCC_WARN_UNUSED_VARIABLE = YES;
				IPHONEOS_DEPLOYMENT_TARGET = 10.3;
				MTL_ENABLE_DEBUG_INFO = NO;
				SDKROOT = iphoneos;
				SWIFT_OPTIMIZATION_LEVEL = "-Owholemodule";
				SWIFT_SWIFT3_OBJC_INFERENCE = Off;
				TARGETED_DEVICE_FAMILY = "1,2";
				VALIDATE_PRODUCT = YES;
			};
			name = Release;
		};
		942CAAA21F6A0F9400C3EA74 /* Debug */ = {
			isa = XCBuildConfiguration;
			baseConfigurationReference = 6D2A6A290E305CADD2C1A8F9 /* Pods-GitHubJobs.debug.xcconfig */;
			buildSettings = {
				ASSETCATALOG_COMPILER_APPICON_NAME = AppIcon;
				DEVELOPMENT_TEAM = LZX69D2T2M;
				INFOPLIST_FILE = GitHubJobs/Info.plist;
				LD_RUNPATH_SEARCH_PATHS = "$(inherited) @executable_path/Frameworks";
				PRODUCT_BUNDLE_IDENTIFIER = philcole.GitHubJobs;
				PRODUCT_NAME = "$(TARGET_NAME)";
				SWIFT_VERSION = 4.0;
			};
			name = Debug;
		};
		942CAAA31F6A0F9400C3EA74 /* Release */ = {
			isa = XCBuildConfiguration;
			baseConfigurationReference = 8826D531FF40CAD1F1CF8276 /* Pods-GitHubJobs.release.xcconfig */;
			buildSettings = {
				ASSETCATALOG_COMPILER_APPICON_NAME = AppIcon;
				DEVELOPMENT_TEAM = LZX69D2T2M;
				INFOPLIST_FILE = GitHubJobs/Info.plist;
				LD_RUNPATH_SEARCH_PATHS = "$(inherited) @executable_path/Frameworks";
				PRODUCT_BUNDLE_IDENTIFIER = philcole.GitHubJobs;
				PRODUCT_NAME = "$(TARGET_NAME)";
				SWIFT_VERSION = 4.0;
			};
			name = Release;
		};
		942CAAA51F6A0F9400C3EA74 /* Debug */ = {
			isa = XCBuildConfiguration;
			baseConfigurationReference = B73D8667D885AC20E98FE9E4 /* Pods-GitHubJobsTests.debug.xcconfig */;
			buildSettings = {
				ALWAYS_EMBED_SWIFT_STANDARD_LIBRARIES = YES;
				BUNDLE_LOADER = "$(TEST_HOST)";
				DEVELOPMENT_TEAM = LZX69D2T2M;
				INFOPLIST_FILE = GitHubJobsTests/Info.plist;
				LD_RUNPATH_SEARCH_PATHS = "$(inherited) @executable_path/Frameworks @loader_path/Frameworks";
				PRODUCT_BUNDLE_IDENTIFIER = philcole.GitHubJobsTests;
				PRODUCT_NAME = "$(TARGET_NAME)";
				SWIFT_SWIFT3_OBJC_INFERENCE = On;
				SWIFT_VERSION = 4.0;
				TEST_HOST = "$(BUILT_PRODUCTS_DIR)/GitHubJobs.app/GitHubJobs";
			};
			name = Debug;
		};
		942CAAA61F6A0F9400C3EA74 /* Release */ = {
			isa = XCBuildConfiguration;
			baseConfigurationReference = 1B701C011C01B68302C1163C /* Pods-GitHubJobsTests.release.xcconfig */;
			buildSettings = {
				ALWAYS_EMBED_SWIFT_STANDARD_LIBRARIES = YES;
				BUNDLE_LOADER = "$(TEST_HOST)";
				DEVELOPMENT_TEAM = LZX69D2T2M;
				INFOPLIST_FILE = GitHubJobsTests/Info.plist;
				LD_RUNPATH_SEARCH_PATHS = "$(inherited) @executable_path/Frameworks @loader_path/Frameworks";
				PRODUCT_BUNDLE_IDENTIFIER = philcole.GitHubJobsTests;
				PRODUCT_NAME = "$(TARGET_NAME)";
				SWIFT_SWIFT3_OBJC_INFERENCE = On;
				SWIFT_VERSION = 4.0;
				TEST_HOST = "$(BUILT_PRODUCTS_DIR)/GitHubJobs.app/GitHubJobs";
			};
			name = Release;
		};
		942CAAA81F6A0F9400C3EA74 /* Debug */ = {
			isa = XCBuildConfiguration;
			baseConfigurationReference = 784C8D2132B3E365BC5D06EE /* Pods-GitHubJobsUITests.debug.xcconfig */;
			buildSettings = {
				ALWAYS_EMBED_SWIFT_STANDARD_LIBRARIES = YES;
				DEVELOPMENT_TEAM = LZX69D2T2M;
				INFOPLIST_FILE = GitHubJobsUITests/Info.plist;
				LD_RUNPATH_SEARCH_PATHS = "$(inherited) @executable_path/Frameworks @loader_path/Frameworks";
				PRODUCT_BUNDLE_IDENTIFIER = philcole.GitHubJobsUITests;
				PRODUCT_NAME = "$(TARGET_NAME)";
				SWIFT_SWIFT3_OBJC_INFERENCE = On;
				SWIFT_VERSION = 4.0;
				TEST_TARGET_NAME = GitHubJobs;
			};
			name = Debug;
		};
		942CAAA91F6A0F9400C3EA74 /* Release */ = {
			isa = XCBuildConfiguration;
			baseConfigurationReference = BA8C0AC9F33F96F88F294553 /* Pods-GitHubJobsUITests.release.xcconfig */;
			buildSettings = {
				ALWAYS_EMBED_SWIFT_STANDARD_LIBRARIES = YES;
				DEVELOPMENT_TEAM = LZX69D2T2M;
				INFOPLIST_FILE = GitHubJobsUITests/Info.plist;
				LD_RUNPATH_SEARCH_PATHS = "$(inherited) @executable_path/Frameworks @loader_path/Frameworks";
				PRODUCT_BUNDLE_IDENTIFIER = philcole.GitHubJobsUITests;
				PRODUCT_NAME = "$(TARGET_NAME)";
				SWIFT_SWIFT3_OBJC_INFERENCE = On;
				SWIFT_VERSION = 4.0;
				TEST_TARGET_NAME = GitHubJobs;
			};
			name = Release;
		};
/* End XCBuildConfiguration section */

/* Begin XCConfigurationList section */
		942CAA741F6A0F9400C3EA74 /* Build configuration list for PBXProject "GitHubJobs" */ = {
			isa = XCConfigurationList;
			buildConfigurations = (
				942CAA9F1F6A0F9400C3EA74 /* Debug */,
				942CAAA01F6A0F9400C3EA74 /* Release */,
			);
			defaultConfigurationIsVisible = 0;
			defaultConfigurationName = Release;
		};
		942CAAA11F6A0F9400C3EA74 /* Build configuration list for PBXNativeTarget "GitHubJobs" */ = {
			isa = XCConfigurationList;
			buildConfigurations = (
				942CAAA21F6A0F9400C3EA74 /* Debug */,
				942CAAA31F6A0F9400C3EA74 /* Release */,
			);
			defaultConfigurationIsVisible = 0;
			defaultConfigurationName = Release;
		};
		942CAAA41F6A0F9400C3EA74 /* Build configuration list for PBXNativeTarget "GitHubJobsTests" */ = {
			isa = XCConfigurationList;
			buildConfigurations = (
				942CAAA51F6A0F9400C3EA74 /* Debug */,
				942CAAA61F6A0F9400C3EA74 /* Release */,
			);
			defaultConfigurationIsVisible = 0;
			defaultConfigurationName = Release;
		};
		942CAAA71F6A0F9400C3EA74 /* Build configuration list for PBXNativeTarget "GitHubJobsUITests" */ = {
			isa = XCConfigurationList;
			buildConfigurations = (
				942CAAA81F6A0F9400C3EA74 /* Debug */,
				942CAAA91F6A0F9400C3EA74 /* Release */,
			);
			defaultConfigurationIsVisible = 0;
			defaultConfigurationName = Release;
		};
/* End XCConfigurationList section */
	};
	rootObject = 942CAA711F6A0F9400C3EA74 /* Project object */;
}
